PODS:
  - RevoFoundation (0.2.14)
  - RevoHttp (0.3.4):
    - RevoFoundation (~> 0.2.0)
  - RevoUIComponents (0.0.43):
    - RevoFoundation (~> 0.2.0)

DEPENDENCIES:
  - RevoFoundation
  - RevoHttp
  - RevoUIComponents

SPEC REPOS:
  trunk:
    - RevoFoundation
    - RevoHttp
    - RevoUIComponents

SPEC CHECKSUMS:
  RevoFoundation: f1ec90a5269c660120d5ed6ca2bdcdd7de4dc132
  RevoHttp: 138c7f861fc5a29c5a2c2e8d7b25277b11196dd4
  RevoUIComponents: cfc26907d2197444c8a9cd5d0e4860d3eddd3e8e

PODFILE CHECKSUM: f2d3a3123fd017d0a344a00bf04f5d9ae68583d2

COCOAPODS: 1.16.2
